
Microsoft Visual Studio Solution File, Format Version 12.00
# Visual Studio Version 17
VisualStudioVersion = 17.1.32407.343
MinimumVisualStudioVersion = 10.0.40219.1
Project("{FAE04EC0-301F-11D3-BF4B-00C04F79EFBC}") = "Dataset", "Dataset\Dataset.csproj", "{C7349094-05CD-4043-984E-FDA8FC7DEE7A}"
EndProject
Global
	GlobalSection(SolutionConfigurationPlatforms) = preSolution
		Debug|Any CPU = Debug|Any CPU
		Release|Any CPU = Release|Any CPU
	EndGlobalSection
	GlobalSection(ProjectConfigurationPlatforms) = postSolution
		{C7349094-05CD-4043-984E-FDA8FC7DEE7A}.Debug|Any CPU.ActiveCfg = Debug|Any CPU
		{C7349094-05CD-4043-984E-FDA8FC7DEE7A}.Debug|Any CPU.Build.0 = Debug|Any CPU
		{C7349094-05CD-4043-984E-FDA8FC7DEE7A}.Release|Any CPU.ActiveCfg = Release|Any CPU
		{C7349094-05CD-4043-984E-FDA8FC7DEE7A}.Release|Any CPU.Build.0 = Release|Any CPU
	EndGlobalSection
	GlobalSection(SolutionProperties) = preSolution
		HideSolutionNode = FALSE
	EndGlobalSection
	GlobalSection(ExtensibilityGlobals) = postSolution
		SolutionGuid = {688D8F05-EF7E-4F78-93B9-3E30AD1D83AA}
	EndGlobalSection
EndGlobal
